# This file is automatically @generated by Poetry and should not be changed by hand.

[[package]]
name = "datashield"
version = "0.1.0"
description = "DataSHIELD Client Interface in Python."
category = "main"
optional = false
python-versions = "^3.7"
files = []
develop = false

[package.source]
type = "git"
url = "https://github.com/epigeny/datashield-python.git"
reference = "master"
resolved_reference = "3a2e8a7403e6ea260828ca90239991e7e70a1a42"

[[package]]
name = "obiba-opal"
version = "5.1.0"
description = "OBiBa/Opal python client."
category = "main"
optional = false
python-versions = "^3.7"
files = []
develop = false

[package.dependencies]
pycurl = "^7.45.2"

[package.source]
type = "git"
url = "https://github.com/obiba/opal-python-client.git"
reference = "master"
resolved_reference = "66f9b862ce1885ae8724acbc9c560b999c4264f3"

[[package]]
name = "pycurl"
version = "7.45.2"
description = "PycURL -- A Python Interface To The cURL library"
category = "main"
optional = false
python-versions = ">=3.5"
files = [
    {file = "pycurl-7.45.2.tar.gz", hash = "sha256:5730590be0271364a5bddd9e245c9cc0fb710c4cbacbdd95264a3122d23224ca"},
]

[metadata]
lock-version = "2.0"
python-versions = "^3.7"
content-hash = "172adfb88eccb1977ce0abd3609b520ceb0588d93ba74369e943dfa7014c3c2e"
